
Microsoft Visual Studio Solution File, Format Version 12.00
# Visual Studio Version 17
VisualStudioVersion = 17.13.35825.156 d17.13
MinimumVisualStudioVersion = 10.0.40219.1
Project("{FAE04EC0-301F-11D3-BF4B-00C04F79EFBC}") = "Ejercicio 1", "Ejercicio 1\Ejercicio 1.csproj", "{C070676D-B3F1-4EB1-BC3E-3D1CF0506B7E}"
EndProject
Global
	GlobalSection(SolutionConfigurationPlatforms) = preSolution
		Debug|Any CPU = Debug|Any CPU
		Release|Any CPU = Release|Any CPU
	EndGlobalSection
	GlobalSection(ProjectConfigurationPlatforms) = postSolution
		{C070676D-B3F1-4EB1-BC3E-3D1CF0506B7E}.Debug|Any CPU.ActiveCfg = Debug|Any CPU
		{C070676D-B3F1-4EB1-BC3E-3D1CF0506B7E}.Debug|Any CPU.Build.0 = Debug|Any CPU
		{C070676D-B3F1-4EB1-BC3E-3D1CF0506B7E}.Release|Any CPU.ActiveCfg = Release|Any CPU
		{C070676D-B3F1-4EB1-BC3E-3D1CF0506B7E}.Release|Any CPU.Build.0 = Release|Any CPU
	EndGlobalSection
	GlobalSection(SolutionProperties) = preSolution
		HideSolutionNode = FALSE
	EndGlobalSection
	GlobalSection(ExtensibilityGlobals) = postSolution
		SolutionGuid = {D8039A71-20B0-41BC-884A-F7E8484DE8AA}
	EndGlobalSection
EndGlobal
